# This file is automatically @generated by Cargo.
# It is not intended for manual editing.
version = 4

[[package]]
name = "t8"
version = "0.1.0"

[[package]]
name = "t8asm"
version = "0.1.0"
dependencies = [
 "t8",
]

[[package]]
name = "t8dis"
version = "0.1.0"
dependencies = [
 "t8",
]

[[package]]
name = "t8emu"
version = "0.1.0"
dependencies = [
 "t8",
]
